{
  "originHash" : "404316ab04243a9cee22404ff7a7f32c595204636c3909c2f62f8753f9fb46a0",
  "pins" : [
    {
      "identity" : "swift-syntax",
      "kind" : "remoteSourceControl",
      "location" : "https://github.com/swiftlang/swift-syntax.git",
      "state" : {
        "revision" : "79e4b74a295b6eb74a8b585e3a39d29e70c1dbd1",
        "version" : "603.0.2"
      }
    },
    {
      "identity" : "swift-testing",
      "kind" : "remoteSourceControl",
      "location" : "https://github.com/swiftlang/swift-testing.git",
      "state" : {
        "branch" : "swift-6.3.2-RELEASE",
        "revision" : "70eff261d7f462cad1fff51e05bcc74aa0b0f420"
      }
    }
  ],
  "version" : 3
}
